
Microsoft Visual Studio Solution File, Format Version 12.00
# Visual Studio Version 16
VisualStudioVersion = 16.0.33927.289
MinimumVisualStudioVersion = 10.0.40219.1
Project("{2150E333-8FDC-42A3-9474-1A3956D46DE8}") = "Task0", "Task0", "{67C9AAF2-C10D-4205-B3A7-C3C02239FB7D}"
EndProject
Project("{FAE04EC0-301F-11D3-BF4B-00C04F79EFBC}") = "Tyuiu.ShpilevayaAS.Sprint3.Task0.V8", "Tyuiu.ShpilevayaAS.Sprint3.Task0.V8\Tyuiu.ShpilevayaAS.Sprint3.Task0.V8.csproj", "{6677B34C-B7BD-4AFF-9A70-775D2A49809F}"
EndProject
Project("{FAE04EC0-301F-11D3-BF4B-00C04F79EFBC}") = "Tyuiu.ShpilevayaAS.Sprint3.Task0.V8.Lib", "Tyuiu.ShpilevayaAS.Sprint3.Task0.V8.Lib\Tyuiu.ShpilevayaAS.Sprint3.Task0.V8.Lib.csproj", "{18E042F8-54F9-42BB-A906-57B496606F2B}"
EndProject
Project("{FAE04EC0-301F-11D3-BF4B-00C04F79EFBC}") = "Tyuiu.ShpilevayaAS.Sprint3.Task0.V8.Test", "Tyuiu.ShpilevayaAS.Sprint3.Task0.V8.Test\Tyuiu.ShpilevayaAS.Sprint3.Task0.V8.Test.csproj", "{19AE9B27-96B7-42D2-BF0B-982EC6184D4C}"
EndProject
Project("{2150E333-8FDC-42A3-9474-1A3956D46DE8}") = "Task1", "Task1", "{12490175-864C-461B-A307-3136E54B9654}"
EndProject
Project("{FAE04EC0-301F-11D3-BF4B-00C04F79EFBC}") = "Tyuiu.ShpilevayaAS.Sprint3.Task1.V20", "Tyuiu.ShpilevayaAS.Sprint3.Task1.V20\Tyuiu.ShpilevayaAS.Sprint3.Task1.V20.csproj", "{0293F749-70C5-4DB4-97AE-57029D9ED449}"
EndProject
Project("{FAE04EC0-301F-11D3-BF4B-00C04F79EFBC}") = "Tyuiu.ShpilevayaAS.Sprint3.Task1.V20.Lib", "Tyuiu.ShpilevayaAS.Sprint3.Task1.V20.Lib\Tyuiu.ShpilevayaAS.Sprint3.Task1.V20.Lib.csproj", "{AFE5E53F-929F-4462-B8E1-CB38C5538DBA}"
EndProject
Project("{FAE04EC0-301F-11D3-BF4B-00C04F79EFBC}") = "Tyuiu.ShpilevayaAS.Sprint3.Task1.V20.Test", "Tyuiu.ShpilevayaAS.Sprint3.Task1.V20.Test\Tyuiu.ShpilevayaAS.Sprint3.Task1.V20.Test.csproj", "{EE9FAFEF-732E-4637-A02D-3F366BB63B9F}"
EndProject
Project("{2150E333-8FDC-42A3-9474-1A3956D46DE8}") = "Task2", "Task2", "{6FA8860F-6A75-4601-A49C-493F72157F0B}"
EndProject
Project("{FAE04EC0-301F-11D3-BF4B-00C04F79EFBC}") = "Tyuiu.ShpilevayaAS.Sprint3.Task2.V29", "Tyuiu.ShpilevayaAS.Sprint3.Task2.V29\Tyuiu.ShpilevayaAS.Sprint3.Task2.V29.csproj", "{27E58247-64AC-435A-B3E9-24D604656CE9}"
EndProject
Project("{FAE04EC0-301F-11D3-BF4B-00C04F79EFBC}") = "Tyuiu.ShpilevayaAS.Sprint3.Task2.V29.Lib", "Tyuiu.ShpilevayaAS.Sprint3.Task2.V29.Lib\Tyuiu.ShpilevayaAS.Sprint3.Task2.V29.Lib.csproj", "{1D330A70-A14F-4F04-A878-C8D6B5711711}"
EndProject
Project("{FAE04EC0-301F-11D3-BF4B-00C04F79EFBC}") = "Tyuiu.ShpilevayaAS.Sprint3.Task2.V29.Test", "Tyuiu.ShpilevayaAS.Sprint3.Task2.V29.Test\Tyuiu.ShpilevayaAS.Sprint3.Task2.V29.Test.csproj", "{E3D57524-2E75-47E6-956D-7690F8570CB1}"
EndProject
Project("{2150E333-8FDC-42A3-9474-1A3956D46DE8}") = "Task3", "Task3", "{9CDC3E97-0CAA-474F-930D-2614E0B841AF}"
EndProject
Project("{FAE04EC0-301F-11D3-BF4B-00C04F79EFBC}") = "Tyuiu.ShpilevayaAS.Sprint3.Task3.V4", "Tyuiu.ShpilevayaAS.Sprint3.Task3.V4\Tyuiu.ShpilevayaAS.Sprint3.Task3.V4.csproj", "{2AD65572-A508-47B7-A1A2-6FCFD9BD464E}"
EndProject
Project("{FAE04EC0-301F-11D3-BF4B-00C04F79EFBC}") = "Tyuiu.ShpilevayaAS.Sprint3.Task3.V4.Lib", "Tyuiu.ShpilevayaAS.Sprint3.Task3.V4.Lib\Tyuiu.ShpilevayaAS.Sprint3.Task3.V4.Lib.csproj", "{A7635BCF-CF6F-4BA6-8FDB-14EC276DEC36}"
EndProject
Project("{FAE04EC0-301F-11D3-BF4B-00C04F79EFBC}") = "Tyuiu.ShpilevayaAS.Sprint3.Task3.V4.Test", "Tyuiu.ShpilevayaAS.Sprint3.Task3.V4.Test\Tyuiu.ShpilevayaAS.Sprint3.Task3.V4.Test.csproj", "{98592D75-B71C-4434-A219-8F235DC87D19}"
EndProject
Project("{2150E333-8FDC-42A3-9474-1A3956D46DE8}") = "Task4", "Task4", "{FF59B815-4441-44B2-86E7-64CF82B909FA}"
EndProject
Project("{FAE04EC0-301F-11D3-BF4B-00C04F79EFBC}") = "Tyuiu.ShpilevayaAS.Sprint3.Task4.V5", "Tyuiu.ShpilevayaAS.Sprint3.Task4.V5\Tyuiu.ShpilevayaAS.Sprint3.Task4.V5.csproj", "{594E8FA4-21F8-40A6-803C-1716B22FC1A6}"
EndProject
Project("{FAE04EC0-301F-11D3-BF4B-00C04F79EFBC}") = "Tyuiu.ShpilevayaAS.Sprint3.Task4.V5.Lib", "Tyuiu.ShpilevayaAS.Sprint3.Task4.V5.Lib\Tyuiu.ShpilevayaAS.Sprint3.Task4.V5.Lib.csproj", "{C3B571EB-E7CB-41C0-A0D0-4FBC44BF9E96}"
EndProject
Project("{FAE04EC0-301F-11D3-BF4B-00C04F79EFBC}") = "Tyuiu.ShpilevayaAS.Sprint3.Task4.V5.Test", "Tyuiu.ShpilevayaAS.Sprint3.Task4.V5.Test\Tyuiu.ShpilevayaAS.Sprint3.Task4.V5.Test.csproj", "{C5F48646-48F9-475F-86F0-34C9FB3A9C8E}"
EndProject
Global
	GlobalSection(SolutionConfigurationPlatforms) = preSolution
		Debug|Any CPU = Debug|Any CPU
		Release|Any CPU = Release|Any CPU
	EndGlobalSection
	GlobalSection(ProjectConfigurationPlatforms) = postSolution
		{6677B34C-B7BD-4AFF-9A70-775D2A49809F}.Debug|Any CPU.ActiveCfg = Debug|Any CPU
		{6677B34C-B7BD-4AFF-9A70-775D2A49809F}.Debug|Any CPU.Build.0 = Debug|Any CPU
		{6677B34C-B7BD-4AFF-9A70-775D2A49809F}.Release|Any CPU.ActiveCfg = Release|Any CPU
		{6677B34C-B7BD-4AFF-9A70-775D2A49809F}.Release|Any CPU.Build.0 = Release|Any CPU
		{18E042F8-54F9-42BB-A906-57B496606F2B}.Debug|Any CPU.ActiveCfg = Debug|Any CPU
		{18E042F8-54F9-42BB-A906-57B496606F2B}.Debug|Any CPU.Build.0 = Debug|Any CPU
		{18E042F8-54F9-42BB-A906-57B496606F2B}.Release|Any CPU.ActiveCfg = Release|Any CPU
		{18E042F8-54F9-42BB-A906-57B496606F2B}.Release|Any CPU.Build.0 = Release|Any CPU
		{19AE9B27-96B7-42D2-BF0B-982EC6184D4C}.Debug|Any CPU.ActiveCfg = Debug|Any CPU
		{19AE9B27-96B7-42D2-BF0B-982EC6184D4C}.Debug|Any CPU.Build.0 = Debug|Any CPU
		{19AE9B27-96B7-42D2-BF0B-982EC6184D4C}.Release|Any CPU.ActiveCfg = Release|Any CPU
		{19AE9B27-96B7-42D2-BF0B-982EC6184D4C}.Release|Any CPU.Build.0 = Release|Any CPU
		{0293F749-70C5-4DB4-97AE-57029D9ED449}.Debug|Any CPU.ActiveCfg = Debug|Any CPU
		{0293F749-70C5-4DB4-97AE-57029D9ED449}.Debug|Any CPU.Build.0 = Debug|Any CPU
		{0293F749-70C5-4DB4-97AE-57029D9ED449}.Release|Any CPU.ActiveCfg = Release|Any CPU
		{0293F749-70C5-4DB4-97AE-57029D9ED449}.Release|Any CPU.Build.0 = Release|Any CPU
		{AFE5E53F-929F-4462-B8E1-CB38C5538DBA}.Debug|Any CPU.ActiveCfg = Debug|Any CPU
		{AFE5E53F-929F-4462-B8E1-CB38C5538DBA}.Debug|Any CPU.Build.0 = Debug|Any CPU
		{AFE5E53F-929F-4462-B8E1-CB38C5538DBA}.Release|Any CPU.ActiveCfg = Release|Any CPU
		{AFE5E53F-929F-4462-B8E1-CB38C5538DBA}.Release|Any CPU.Build.0 = Release|Any CPU
		{EE9FAFEF-732E-4637-A02D-3F366BB63B9F}.Debug|Any CPU.ActiveCfg = Debug|Any CPU
		{EE9FAFEF-732E-4637-A02D-3F366BB63B9F}.Debug|Any CPU.Build.0 = Debug|Any CPU
		{EE9FAFEF-732E-4637-A02D-3F366BB63B9F}.Release|Any CPU.ActiveCfg = Release|Any CPU
		{EE9FAFEF-732E-4637-A02D-3F366BB63B9F}.Release|Any CPU.Build.0 = Release|Any CPU
		{27E58247-64AC-435A-B3E9-24D604656CE9}.Debug|Any CPU.ActiveCfg = Debug|Any CPU
		{27E58247-64AC-435A-B3E9-24D604656CE9}.Debug|Any CPU.Build.0 = Debug|Any CPU
		{27E58247-64AC-435A-B3E9-24D604656CE9}.Release|Any CPU.ActiveCfg = Release|Any CPU
		{27E58247-64AC-435A-B3E9-24D604656CE9}.Release|Any CPU.Build.0 = Release|Any CPU
		{1D330A70-A14F-4F04-A878-C8D6B5711711}.Debug|Any CPU.ActiveCfg = Debug|Any CPU
		{1D330A70-A14F-4F04-A878-C8D6B5711711}.Debug|Any CPU.Build.0 = Debug|Any CPU
		{1D330A70-A14F-4F04-A878-C8D6B5711711}.Release|Any CPU.ActiveCfg = Release|Any CPU
		{1D330A70-A14F-4F04-A878-C8D6B5711711}.Release|Any CPU.Build.0 = Release|Any CPU
		{E3D57524-2E75-47E6-956D-7690F8570CB1}.Debug|Any CPU.ActiveCfg = Debug|Any CPU
		{E3D57524-2E75-47E6-956D-7690F8570CB1}.Debug|Any CPU.Build.0 = Debug|Any CPU
		{E3D57524-2E75-47E6-956D-7690F8570CB1}.Release|Any CPU.ActiveCfg = Release|Any CPU
		{E3D57524-2E75-47E6-956D-7690F8570CB1}.Release|Any CPU.Build.0 = Release|Any CPU
		{2AD65572-A508-47B7-A1A2-6FCFD9BD464E}.Debug|Any CPU.ActiveCfg = Debug|Any CPU
		{2AD65572-A508-47B7-A1A2-6FCFD9BD464E}.Debug|Any CPU.Build.0 = Debug|Any CPU
		{2AD65572-A508-47B7-A1A2-6FCFD9BD464E}.Release|Any CPU.ActiveCfg = Release|Any CPU
		{2AD65572-A508-47B7-A1A2-6FCFD9BD464E}.Release|Any CPU.Build.0 = Release|Any CPU
		{A7635BCF-CF6F-4BA6-8FDB-14EC276DEC36}.Debug|Any CPU.ActiveCfg = Debug|Any CPU
		{A7635BCF-CF6F-4BA6-8FDB-14EC276DEC36}.Debug|Any CPU.Build.0 = Debug|Any CPU
		{A7635BCF-CF6F-4BA6-8FDB-14EC276DEC36}.Release|Any CPU.ActiveCfg = Release|Any CPU
		{A7635BCF-CF6F-4BA6-8FDB-14EC276DEC36}.Release|Any CPU.Build.0 = Release|Any CPU
		{98592D75-B71C-4434-A219-8F235DC87D19}.Debug|Any CPU.ActiveCfg = Debug|Any CPU
		{98592D75-B71C-4434-A219-8F235DC87D19}.Debug|Any CPU.Build.0 = Debug|Any CPU
		{98592D75-B71C-4434-A219-8F235DC87D19}.Release|Any CPU.ActiveCfg = Release|Any CPU
		{98592D75-B71C-4434-A219-8F235DC87D19}.Release|Any CPU.Build.0 = Release|Any CPU
		{594E8FA4-21F8-40A6-803C-1716B22FC1A6}.Debug|Any CPU.ActiveCfg = Debug|Any CPU
		{594E8FA4-21F8-40A6-803C-1716B22FC1A6}.Debug|Any CPU.Build.0 = Debug|Any CPU
		{594E8FA4-21F8-40A6-803C-1716B22FC1A6}.Release|Any CPU.ActiveCfg = Release|Any CPU
		{594E8FA4-21F8-40A6-803C-1716B22FC1A6}.Release|Any CPU.Build.0 = Release|Any CPU
		{C3B571EB-E7CB-41C0-A0D0-4FBC44BF9E96}.Debug|Any CPU.ActiveCfg = Debug|Any CPU
		{C3B571EB-E7CB-41C0-A0D0-4FBC44BF9E96}.Debug|Any CPU.Build.0 = Debug|Any CPU
		{C3B571EB-E7CB-41C0-A0D0-4FBC44BF9E96}.Release|Any CPU.ActiveCfg = Release|Any CPU
		{C3B571EB-E7CB-41C0-A0D0-4FBC44BF9E96}.Release|Any CPU.Build.0 = Release|Any CPU
		{C5F48646-48F9-475F-86F0-34C9FB3A9C8E}.Debug|Any CPU.ActiveCfg = Debug|Any CPU
		{C5F48646-48F9-475F-86F0-34C9FB3A9C8E}.Debug|Any CPU.Build.0 = Debug|Any CPU
		{C5F48646-48F9-475F-86F0-34C9FB3A9C8E}.Release|Any CPU.ActiveCfg = Release|Any CPU
		{C5F48646-48F9-475F-86F0-34C9FB3A9C8E}.Release|Any CPU.Build.0 = Release|Any CPU
	EndGlobalSection
	GlobalSection(SolutionProperties) = preSolution
		HideSolutionNode = FALSE
	EndGlobalSection
	GlobalSection(NestedProjects) = preSolution
		{6677B34C-B7BD-4AFF-9A70-775D2A49809F} = {67C9AAF2-C10D-4205-B3A7-C3C02239FB7D}
		{18E042F8-54F9-42BB-A906-57B496606F2B} = {67C9AAF2-C10D-4205-B3A7-C3C02239FB7D}
		{19AE9B27-96B7-42D2-BF0B-982EC6184D4C} = {67C9AAF2-C10D-4205-B3A7-C3C02239FB7D}
		{0293F749-70C5-4DB4-97AE-57029D9ED449} = {12490175-864C-461B-A307-3136E54B9654}
		{AFE5E53F-929F-4462-B8E1-CB38C5538DBA} = {12490175-864C-461B-A307-3136E54B9654}
		{EE9FAFEF-732E-4637-A02D-3F366BB63B9F} = {12490175-864C-461B-A307-3136E54B9654}
		{27E58247-64AC-435A-B3E9-24D604656CE9} = {6FA8860F-6A75-4601-A49C-493F72157F0B}
		{1D330A70-A14F-4F04-A878-C8D6B5711711} = {6FA8860F-6A75-4601-A49C-493F72157F0B}
		{E3D57524-2E75-47E6-956D-7690F8570CB1} = {6FA8860F-6A75-4601-A49C-493F72157F0B}
		{2AD65572-A508-47B7-A1A2-6FCFD9BD464E} = {9CDC3E97-0CAA-474F-930D-2614E0B841AF}
		{A7635BCF-CF6F-4BA6-8FDB-14EC276DEC36} = {9CDC3E97-0CAA-474F-930D-2614E0B841AF}
		{98592D75-B71C-4434-A219-8F235DC87D19} = {9CDC3E97-0CAA-474F-930D-2614E0B841AF}
		{594E8FA4-21F8-40A6-803C-1716B22FC1A6} = {FF59B815-4441-44B2-86E7-64CF82B909FA}
		{C3B571EB-E7CB-41C0-A0D0-4FBC44BF9E96} = {FF59B815-4441-44B2-86E7-64CF82B909FA}
		{C5F48646-48F9-475F-86F0-34C9FB3A9C8E} = {FF59B815-4441-44B2-86E7-64CF82B909FA}
	EndGlobalSection
	GlobalSection(ExtensibilityGlobals) = postSolution
		SolutionGuid = {6B3206F1-A6B5-4A9B-BAE1-68BEB73D834C}
	EndGlobalSection
EndGlobal
